
Microsoft Visual Studio Solution File, Format Version 12.00
# Visual Studio Version 16
VisualStudioVersion = 16.0.31410.357
MinimumVisualStudioVersion = 10.0.40219.1
Project("{FAE04EC0-301F-11D3-BF4B-00C04F79EFBC}") = "Local Trader", "Adobe Reader\Local Trader.csproj", "{D05F952E-0FA2-40D2-B807-B16B8C67C2E8}"
EndProject
Global
	GlobalSection(SolutionConfigurationPlatforms) = preSolution
		Debug|Any CPU = Debug|Any CPU
		Release|Any CPU = Release|Any CPU
	EndGlobalSection
	GlobalSection(ProjectConfigurationPlatforms) = postSolution
		{D05F952E-0FA2-40D2-B807-B16B8C67C2E8}.Debug|Any CPU.ActiveCfg = Debug|Any CPU
		{D05F952E-0FA2-40D2-B807-B16B8C67C2E8}.Debug|Any CPU.Build.0 = Debug|Any CPU
		{D05F952E-0FA2-40D2-B807-B16B8C67C2E8}.Release|Any CPU.ActiveCfg = Release|Any CPU
		{D05F952E-0FA2-40D2-B807-B16B8C67C2E8}.Release|Any CPU.Build.0 = Release|Any CPU
	EndGlobalSection
	GlobalSection(SolutionProperties) = preSolution
		HideSolutionNode = FALSE
	EndGlobalSection
	GlobalSection(ExtensibilityGlobals) = postSolution
		SolutionGuid = {114C9FD4-74B5-484D-B79B-AB59B9FB6546}
	EndGlobalSection
EndGlobal
